{
  "version": 4,
  "terraform_version": "1.10.5",
  "serial": 143,
  "lineage": "48ca7520-07f5-d748-57da-0ecef0006968",
  "outputs": {},
  "resources": [
    {
      "mode": "managed",
      "type": "aws_eip",
      "name": "eip",
      "provider": "provider[\"registry.terraform.io/hashicorp/aws\"]",
      "instances": [
        {
          "schema_version": 0,
          "attributes": {
            "address": null,
            "allocation_id": "eipalloc-0db806f57c679db3f",
            "arn": "arn:aws:ec2:eu-north-1:337909743989:elastic-ip/eipalloc-0db806f57c679db3f",
            "associate_with_private_ip": null,
            "association_id": "",
            "carrier_ip": "",
            "customer_owned_ip": "",
            "customer_owned_ipv4_pool": "",
            "domain": "vpc",
            "id": "eipalloc-0db806f57c679db3f",
            "instance": "",
            "ipam_pool_id": null,
            "network_border_group": "eu-north-1",
            "network_interface": "",
            "private_dns": null,
            "private_ip": "",
            "ptr_record": "",
            "public_dns": "ec2-13-60-141-135.eu-north-1.compute.amazonaws.com",
            "public_ip": "13.60.141.135",
            "public_ipv4_pool": "amazon",
            "tags": null,
            "tags_all": {},
            "timeouts": null,
            "vpc": true
          },
          "sensitive_attributes": [],
          "private": "eyJlMmJmYjczMC1lY2FhLTExZTYtOGY4OC0zNDM2M2JjN2M0YzAiOnsiZGVsZXRlIjoxODAwMDAwMDAwMDAsInJlYWQiOjkwMDAwMDAwMDAwMCwidXBkYXRlIjozMDAwMDAwMDAwMDB9fQ==",
          "dependencies": [
            "aws_internet_gateway.igw",
            "aws_vpc.main"
          ]
        }
      ]
    },
    {
      "mode": "managed",
      "type": "aws_instance",
      "name": "instancetf",
      "provider": "provider[\"registry.terraform.io/hashicorp/aws\"]",
      "instances": [
        {
          "schema_version": 1,
          "attributes": {
            "ami": "ami-016038ae9cc8d9f51",
            "arn": "arn:aws:ec2:eu-north-1:337909743989:instance/i-01ea0d373a0d32e89",
            "associate_public_ip_address": false,
            "availability_zone": "eu-north-1a",
            "capacity_reservation_specification": [
              {
                "capacity_reservation_preference": "open",
                "capacity_reservation_target": []
              }
            ],
            "cpu_core_count": 1,
            "cpu_options": [
              {
                "amd_sev_snp": "",
                "core_count": 1,
                "threads_per_core": 2
              }
            ],
            "cpu_threads_per_core": 2,
            "credit_specification": [
              {
                "cpu_credits": "unlimited"
              }
            ],
            "disable_api_stop": false,
            "disable_api_termination": false,
            "ebs_block_device": [],
            "ebs_optimized": false,
            "enable_primary_ipv6": null,
            "enclave_options": [
              {
                "enabled": false
              }
            ],
            "ephemeral_block_device": [],
            "get_password_data": false,
            "hibernation": false,
            "host_id": "",
            "host_resource_group_arn": null,
            "iam_instance_profile": "",
            "id": "i-01ea0d373a0d32e89",
            "instance_initiated_shutdown_behavior": "stop",
            "instance_lifecycle": "",
            "instance_market_options": [],
            "instance_state": "running",
            "instance_type": "t3.micro",
            "ipv6_address_count": 0,
            "ipv6_addresses": [],
            "key_name": "deployer-keytf",
            "launch_template": [],
            "maintenance_options": [
              {
                "auto_recovery": "default"
              }
            ],
            "metadata_options": [
              {
                "http_endpoint": "enabled",
                "http_protocol_ipv6": "disabled",
                "http_put_response_hop_limit": 2,
                "http_tokens": "required",
                "instance_metadata_tags": "disabled"
              }
            ],
            "monitoring": false,
            "network_interface": [],
            "outpost_arn": "",
            "password_data": "",
            "placement_group": "",
            "placement_partition_number": 0,
            "primary_network_interface_id": "eni-0f5c1fa540f3ad399",
            "private_dns": "ip-10-0-1-242.eu-north-1.compute.internal",
            "private_dns_name_options": [
              {
                "enable_resource_name_dns_a_record": false,
                "enable_resource_name_dns_aaaa_record": false,
                "hostname_type": "ip-name"
              }
            ],
            "private_ip": "10.0.1.242",
            "public_dns": "",
            "public_ip": "",
            "root_block_device": [
              {
                "delete_on_termination": true,
                "device_name": "/dev/xvda",
                "encrypted": false,
                "iops": 3000,
                "kms_key_id": "",
                "tags": {},
                "tags_all": {},
                "throughput": 125,
                "volume_id": "vol-0f27c8dee7f93d806",
                "volume_size": 8,
                "volume_type": "gp3"
              }
            ],
            "secondary_private_ips": [],
            "security_groups": [
              "sg-0754629732a26c925"
            ],
            "source_dest_check": true,
            "spot_instance_request_id": "",
            "subnet_id": "subnet-0b2404cc239989136",
            "tags": {
              "Name": "tfint"
            },
            "tags_all": {
              "Name": "tfint"
            },
            "tenancy": "default",
            "timeouts": null,
            "user_data": null,
            "user_data_base64": null,
            "user_data_replace_on_change": false,
            "volume_tags": null,
            "vpc_security_group_ids": [
              "sg-0754629732a26c925"
            ]
          },
          "sensitive_attributes": [],
          "private": "eyJlMmJmYjczMC1lY2FhLTExZTYtOGY4OC0zNDM2M2JjN2M0YzAiOnsiY3JlYXRlIjo2MDAwMDAwMDAwMDAsImRlbGV0ZSI6MTIwMDAwMDAwMDAwMCwicmVhZCI6OTAwMDAwMDAwMDAwLCJ1cGRhdGUiOjYwMDAwMDAwMDAwMH0sInNjaGVtYV92ZXJzaW9uIjoiMSJ9",
          "dependencies": [
            "aws_key_pair.deployer",
            "aws_security_group.allow_tls",
            "aws_subnet.public1",
            "aws_vpc.main",
            "tls_private_key.rsa"
          ]
        }
      ]
    },
    {
      "mode": "managed",
      "type": "aws_internet_gateway",
      "name": "igw",
      "provider": "provider[\"registry.terraform.io/hashicorp/aws\"]",
      "instances": [
        {
          "schema_version": 0,
          "attributes": {
            "arn": "arn:aws:ec2:eu-north-1:337909743989:internet-gateway/igw-0833689309d55b664",
            "id": "igw-0833689309d55b664",
            "owner_id": "337909743989",
            "tags": {
              "Name": "igwTF"
            },
            "tags_all": {
              "Name": "igwTF"
            },
            "timeouts": null,
            "vpc_id": "vpc-026cdcd8b5271b466"
          },
          "sensitive_attributes": [],
          "private": "eyJlMmJmYjczMC1lY2FhLTExZTYtOGY4OC0zNDM2M2JjN2M0YzAiOnsiY3JlYXRlIjoxMjAwMDAwMDAwMDAwLCJkZWxldGUiOjEyMDAwMDAwMDAwMDAsInVwZGF0ZSI6MTIwMDAwMDAwMDAwMH19",
          "dependencies": [
            "aws_vpc.main"
          ]
        }
      ]
    },
    {
      "mode": "managed",
      "type": "aws_key_pair",
      "name": "deployer",
      "provider": "provider[\"registry.terraform.io/hashicorp/aws\"]",
      "instances": [
        {
          "schema_version": 1,
          "attributes": {
            "arn": "arn:aws:ec2:eu-north-1:337909743989:key-pair/deployer-keytf",
            "fingerprint": "ea:d8:f9:41:43:2c:73:f8:02:2e:c2:9f:47:43:f2:78",
            "id": "deployer-keytf",
            "key_name": "deployer-keytf",
            "key_name_prefix": "",
            "key_pair_id": "key-0f38737d8a81b0a6d",
            "key_type": "rsa",
            "public_key": "ssh-rsa AAAAB3NzaC1yc2EAAAADAQABAAACAQCstw1QaAXT2A39NJfgufEew/gCQY0B86L0/x7iPDEvHfSXWhXd9vHPMNnBkEe+jFHysBTYbhF3PDt/oLm6jlwR91LrpiZx84GQQJ5KhpR1GFSOYGrtEHiHhTtgKTnicY4W6qWhTy5tn/SPNHWpQbiIQs4dDRTZJWiBlPI2xORdQMGJaE0/CDG0oqYF8kU7O9dERWUQI6VQXRF0E275ZK8kPRv1pnOLS+4m2ohrPGWP4H4fBBwVdOcS+z8gy7hQhGdUWawAhuiOlkC8vzX7U+UZINnWXGXlj54MH9y6/ULVu50n++Bcz/2HJi4vVZHRZxqudEP2wRbUAKQaKVj39RKpZtPpNVrwctybXA7pWqpgKX0QijFwW+f1lDCni7ozcFitbU5BYzjvaV09a28NPCyTfyEizNZ/42Y+xP3/OivMh3I2odtlW1ORdstpiF1K8a2znxJCRRYZvtS0AVVixkGDmjaWk3+uia9VYZNJIh97mlTM0ePXNQADqEAUPVGk9GiOAu5crGXpV578X388txjI7sDrz9eKR7NX6MnZDwQ2vmAcTmW6M82NVXF5A+bbtA5tLJUQFlNowC9qDwE6C1KWE4xLR+BuOmz8B43unq94jrf0LSV/7h4BD0kkCLJXqij15h3Z7+sJfKeDiho7zvebeWRt9ZhIn51Vm7QWSr891Q==",
            "tags": {},
            "tags_all": {}
          },
          "sensitive_attributes": [],
          "private": "eyJzY2hlbWFfdmVyc2lvbiI6IjEifQ==",
          "dependencies": [
            "tls_private_key.rsa"
          ]
        }
      ]
    },
    {
      "mode": "managed",
      "type": "aws_nat_gateway",
      "name": "nat",
      "provider": "provider[\"registry.terraform.io/hashicorp/aws\"]",
      "instances": [
        {
          "schema_version": 0,
          "attributes": {
            "allocation_id": "eipalloc-0db806f57c679db3f",
            "association_id": "eipassoc-0f5b074810c360b80",
            "connectivity_type": "public",
            "id": "nat-02ac536bf11927264",
            "network_interface_id": "eni-02cd28817c471bd5a",
            "private_ip": "10.0.0.220",
            "public_ip": "13.60.141.135",
            "secondary_allocation_ids": null,
            "secondary_private_ip_address_count": 0,
            "secondary_private_ip_addresses": [],
            "subnet_id": "subnet-0652db579fa24ca7e",
            "tags": {
              "Name": "NATTF"
            },
            "tags_all": {
              "Name": "NATTF"
            },
            "timeouts": null
          },
          "sensitive_attributes": [],
          "private": "eyJlMmJmYjczMC1lY2FhLTExZTYtOGY4OC0zNDM2M2JjN2M0YzAiOnsiY3JlYXRlIjo2MDAwMDAwMDAwMDAsImRlbGV0ZSI6MTgwMDAwMDAwMDAwMCwidXBkYXRlIjo2MDAwMDAwMDAwMDB9fQ==",
          "dependencies": [
            "aws_eip.eip",
            "aws_internet_gateway.igw",
            "aws_subnet.public2",
            "aws_vpc.main"
          ]
        }
      ]
    },
    {
      "mode": "managed",
      "type": "aws_route_table",
      "name": "privateRT",
      "provider": "provider[\"registry.terraform.io/hashicorp/aws\"]",
      "instances": [
        {
          "schema_version": 0,
          "attributes": {
            "arn": "arn:aws:ec2:eu-north-1:337909743989:route-table/rtb-013cce8b41765fd49",
            "id": "rtb-013cce8b41765fd49",
            "owner_id": "337909743989",
            "propagating_vgws": [],
            "route": [
              {
                "carrier_gateway_id": "",
                "cidr_block": "0.0.0.0/0",
                "core_network_arn": "",
                "destination_prefix_list_id": "",
                "egress_only_gateway_id": "",
                "gateway_id": "",
                "ipv6_cidr_block": "",
                "local_gateway_id": "",
                "nat_gateway_id": "nat-02ac536bf11927264",
                "network_interface_id": "",
                "transit_gateway_id": "",
                "vpc_endpoint_id": "",
                "vpc_peering_connection_id": ""
              }
            ],
            "tags": {
              "Name": "privateRT"
            },
            "tags_all": {
              "Name": "privateRT"
            },
            "timeouts": null,
            "vpc_id": "vpc-026cdcd8b5271b466"
          },
          "sensitive_attributes": [],
          "private": "eyJlMmJmYjczMC1lY2FhLTExZTYtOGY4OC0zNDM2M2JjN2M0YzAiOnsiY3JlYXRlIjozMDAwMDAwMDAwMDAsImRlbGV0ZSI6MzAwMDAwMDAwMDAwLCJ1cGRhdGUiOjEyMDAwMDAwMDAwMH19",
          "dependencies": [
            "aws_eip.eip",
            "aws_internet_gateway.igw",
            "aws_nat_gateway.nat",
            "aws_subnet.public2",
            "aws_vpc.main"
          ]
        }
      ]
    },
    {
      "mode": "managed",
      "type": "aws_route_table",
      "name": "pupbicRT",
      "provider": "provider[\"registry.terraform.io/hashicorp/aws\"]",
      "instances": [
        {
          "schema_version": 0,
          "attributes": {
            "arn": "arn:aws:ec2:eu-north-1:337909743989:route-table/rtb-0cecbab7c9fc50921",
            "id": "rtb-0cecbab7c9fc50921",
            "owner_id": "337909743989",
            "propagating_vgws": [],
            "route": [
              {
                "carrier_gateway_id": "",
                "cidr_block": "0.0.0.0/0",
                "core_network_arn": "",
                "destination_prefix_list_id": "",
                "egress_only_gateway_id": "",
                "gateway_id": "igw-0833689309d55b664",
                "ipv6_cidr_block": "",
                "local_gateway_id": "",
                "nat_gateway_id": "",
                "network_interface_id": "",
                "transit_gateway_id": "",
                "vpc_endpoint_id": "",
                "vpc_peering_connection_id": ""
              }
            ],
            "tags": {
              "Name": "pupbicRT"
            },
            "tags_all": {
              "Name": "pupbicRT"
            },
            "timeouts": null,
            "vpc_id": "vpc-026cdcd8b5271b466"
          },
          "sensitive_attributes": [],
          "private": "eyJlMmJmYjczMC1lY2FhLTExZTYtOGY4OC0zNDM2M2JjN2M0YzAiOnsiY3JlYXRlIjozMDAwMDAwMDAwMDAsImRlbGV0ZSI6MzAwMDAwMDAwMDAwLCJ1cGRhdGUiOjEyMDAwMDAwMDAwMH19",
          "dependencies": [
            "aws_internet_gateway.igw",
            "aws_vpc.main"
          ]
        }
      ]
    },
    {
      "mode": "managed",
      "type": "aws_route_table_association",
      "name": "privateRTassc1",
      "provider": "provider[\"registry.terraform.io/hashicorp/aws\"]",
      "instances": [
        {
          "schema_version": 0,
          "attributes": {
            "gateway_id": "",
            "id": "rtbassoc-0c5221f09ad5fa6d9",
            "route_table_id": "rtb-013cce8b41765fd49",
            "subnet_id": "subnet-04a26d9764335ab5b",
            "timeouts": null
          },
          "sensitive_attributes": [],
          "private": "eyJlMmJmYjczMC1lY2FhLTExZTYtOGY4OC0zNDM2M2JjN2M0YzAiOnsiY3JlYXRlIjozMDAwMDAwMDAwMDAsImRlbGV0ZSI6MzAwMDAwMDAwMDAwLCJ1cGRhdGUiOjEyMDAwMDAwMDAwMH19",
          "dependencies": [
            "aws_eip.eip",
            "aws_internet_gateway.igw",
            "aws_nat_gateway.nat",
            "aws_route_table.privateRT",
            "aws_subnet.private1",
            "aws_subnet.public2",
            "aws_vpc.main"
          ]
        }
      ]
    },
    {
      "mode": "managed",
      "type": "aws_route_table_association",
      "name": "privateRTassc2",
      "provider": "provider[\"registry.terraform.io/hashicorp/aws\"]",
      "instances": [
        {
          "schema_version": 0,
          "attributes": {
            "gateway_id": "",
            "id": "rtbassoc-09e9ac0f8c63bbec6",
            "route_table_id": "rtb-013cce8b41765fd49",
            "subnet_id": "subnet-047586920e430a82b",
            "timeouts": null
          },
          "sensitive_attributes": [],
          "private": "eyJlMmJmYjczMC1lY2FhLTExZTYtOGY4OC0zNDM2M2JjN2M0YzAiOnsiY3JlYXRlIjozMDAwMDAwMDAwMDAsImRlbGV0ZSI6MzAwMDAwMDAwMDAwLCJ1cGRhdGUiOjEyMDAwMDAwMDAwMH19",
          "dependencies": [
            "aws_eip.eip",
            "aws_internet_gateway.igw",
            "aws_nat_gateway.nat",
            "aws_route_table.privateRT",
            "aws_subnet.private2",
            "aws_subnet.public2",
            "aws_vpc.main"
          ]
        }
      ]
    },
    {
      "mode": "managed",
      "type": "aws_route_table_association",
      "name": "pupblicRTassc1",
      "provider": "provider[\"registry.terraform.io/hashicorp/aws\"]",
      "instances": [
        {
          "schema_version": 0,
          "attributes": {
            "gateway_id": "",
            "id": "rtbassoc-0a7104253156cfcf3",
            "route_table_id": "rtb-0cecbab7c9fc50921",
            "subnet_id": "subnet-0b2404cc239989136",
            "timeouts": null
          },
          "sensitive_attributes": [],
          "private": "eyJlMmJmYjczMC1lY2FhLTExZTYtOGY4OC0zNDM2M2JjN2M0YzAiOnsiY3JlYXRlIjozMDAwMDAwMDAwMDAsImRlbGV0ZSI6MzAwMDAwMDAwMDAwLCJ1cGRhdGUiOjEyMDAwMDAwMDAwMH19",
          "dependencies": [
            "aws_internet_gateway.igw",
            "aws_route_table.pupbicRT",
            "aws_subnet.public1",
            "aws_vpc.main"
          ]
        }
      ]
    },
    {
      "mode": "managed",
      "type": "aws_route_table_association",
      "name": "pupblicRTassc2",
      "provider": "provider[\"registry.terraform.io/hashicorp/aws\"]",
      "instances": [
        {
          "schema_version": 0,
          "attributes": {
            "gateway_id": "",
            "id": "rtbassoc-0e7ca20ed8e9f2bbd",
            "route_table_id": "rtb-0cecbab7c9fc50921",
            "subnet_id": "subnet-0652db579fa24ca7e",
            "timeouts": null
          },
          "sensitive_attributes": [],
          "private": "eyJlMmJmYjczMC1lY2FhLTExZTYtOGY4OC0zNDM2M2JjN2M0YzAiOnsiY3JlYXRlIjozMDAwMDAwMDAwMDAsImRlbGV0ZSI6MzAwMDAwMDAwMDAwLCJ1cGRhdGUiOjEyMDAwMDAwMDAwMH19",
          "dependencies": [
            "aws_internet_gateway.igw",
            "aws_route_table.pupbicRT",
            "aws_subnet.public2",
            "aws_vpc.main"
          ]
        }
      ]
    },
    {
      "mode": "managed",
      "type": "aws_security_group",
      "name": "allow_tls",
      "provider": "provider[\"registry.terraform.io/hashicorp/aws\"]",
      "instances": [
        {
          "schema_version": 1,
          "attributes": {
            "arn": "arn:aws:ec2:eu-north-1:337909743989:security-group/sg-0754629732a26c925",
            "description": "Allow TLS inbound traffic and all outbound traffic",
            "egress": [],
            "id": "sg-0754629732a26c925",
            "ingress": [],
            "name": "allow_tls",
            "name_prefix": "",
            "owner_id": "337909743989",
            "revoke_rules_on_delete": false,
            "tags": {
              "Name": "allow_tls"
            },
            "tags_all": {
              "Name": "allow_tls"
            },
            "timeouts": null,
            "vpc_id": "vpc-026cdcd8b5271b466"
          },
          "sensitive_attributes": [],
          "private": "eyJlMmJmYjczMC1lY2FhLTExZTYtOGY4OC0zNDM2M2JjN2M0YzAiOnsiY3JlYXRlIjo2MDAwMDAwMDAwMDAsImRlbGV0ZSI6OTAwMDAwMDAwMDAwfSwic2NoZW1hX3ZlcnNpb24iOiIxIn0=",
          "dependencies": [
            "aws_vpc.main"
          ]
        }
      ]
    },
    {
      "mode": "managed",
      "type": "aws_subnet",
      "name": "private1",
      "provider": "provider[\"registry.terraform.io/hashicorp/aws\"]",
      "instances": [
        {
          "schema_version": 1,
          "attributes": {
            "arn": "arn:aws:ec2:eu-north-1:337909743989:subnet/subnet-04a26d9764335ab5b",
            "assign_ipv6_address_on_creation": false,
            "availability_zone": "eu-north-1a",
            "availability_zone_id": "eun1-az1",
            "cidr_block": "10.0.2.0/24",
            "customer_owned_ipv4_pool": "",
            "enable_dns64": false,
            "enable_lni_at_device_index": 0,
            "enable_resource_name_dns_a_record_on_launch": false,
            "enable_resource_name_dns_aaaa_record_on_launch": false,
            "id": "subnet-04a26d9764335ab5b",
            "ipv6_cidr_block": "",
            "ipv6_cidr_block_association_id": "",
            "ipv6_native": false,
            "map_customer_owned_ip_on_launch": false,
            "map_public_ip_on_launch": false,
            "outpost_arn": "",
            "owner_id": "337909743989",
            "private_dns_hostname_type_on_launch": "ip-name",
            "tags": {
              "Name": "private1"
            },
            "tags_all": {
              "Name": "private1"
            },
            "timeouts": null,
            "vpc_id": "vpc-026cdcd8b5271b466"
          },
          "sensitive_attributes": [],
          "private": "eyJlMmJmYjczMC1lY2FhLTExZTYtOGY4OC0zNDM2M2JjN2M0YzAiOnsiY3JlYXRlIjo2MDAwMDAwMDAwMDAsImRlbGV0ZSI6MTIwMDAwMDAwMDAwMH0sInNjaGVtYV92ZXJzaW9uIjoiMSJ9",
          "dependencies": [
            "aws_vpc.main"
          ]
        }
      ]
    },
    {
      "mode": "managed",
      "type": "aws_subnet",
      "name": "private2",
      "provider": "provider[\"registry.terraform.io/hashicorp/aws\"]",
      "instances": [
        {
          "schema_version": 1,
          "attributes": {
            "arn": "arn:aws:ec2:eu-north-1:337909743989:subnet/subnet-047586920e430a82b",
            "assign_ipv6_address_on_creation": false,
            "availability_zone": "eu-north-1b",
            "availability_zone_id": "eun1-az2",
            "cidr_block": "10.0.3.0/24",
            "customer_owned_ipv4_pool": "",
            "enable_dns64": false,
            "enable_lni_at_device_index": 0,
            "enable_resource_name_dns_a_record_on_launch": false,
            "enable_resource_name_dns_aaaa_record_on_launch": false,
            "id": "subnet-047586920e430a82b",
            "ipv6_cidr_block": "",
            "ipv6_cidr_block_association_id": "",
            "ipv6_native": false,
            "map_customer_owned_ip_on_launch": false,
            "map_public_ip_on_launch": false,
            "outpost_arn": "",
            "owner_id": "337909743989",
            "private_dns_hostname_type_on_launch": "ip-name",
            "tags": {
              "Name": "private2"
            },
            "tags_all": {
              "Name": "private2"
            },
            "timeouts": null,
            "vpc_id": "vpc-026cdcd8b5271b466"
          },
          "sensitive_attributes": [],
          "private": "eyJlMmJmYjczMC1lY2FhLTExZTYtOGY4OC0zNDM2M2JjN2M0YzAiOnsiY3JlYXRlIjo2MDAwMDAwMDAwMDAsImRlbGV0ZSI6MTIwMDAwMDAwMDAwMH0sInNjaGVtYV92ZXJzaW9uIjoiMSJ9",
          "dependencies": [
            "aws_vpc.main"
          ]
        }
      ]
    },
    {
      "mode": "managed",
      "type": "aws_subnet",
      "name": "public1",
      "provider": "provider[\"registry.terraform.io/hashicorp/aws\"]",
      "instances": [
        {
          "schema_version": 1,
          "attributes": {
            "arn": "arn:aws:ec2:eu-north-1:337909743989:subnet/subnet-0b2404cc239989136",
            "assign_ipv6_address_on_creation": false,
            "availability_zone": "eu-north-1a",
            "availability_zone_id": "eun1-az1",
            "cidr_block": "10.0.1.0/24",
            "customer_owned_ipv4_pool": "",
            "enable_dns64": false,
            "enable_lni_at_device_index": 0,
            "enable_resource_name_dns_a_record_on_launch": false,
            "enable_resource_name_dns_aaaa_record_on_launch": false,
            "id": "subnet-0b2404cc239989136",
            "ipv6_cidr_block": "",
            "ipv6_cidr_block_association_id": "",
            "ipv6_native": false,
            "map_customer_owned_ip_on_launch": false,
            "map_public_ip_on_launch": false,
            "outpost_arn": "",
            "owner_id": "337909743989",
            "private_dns_hostname_type_on_launch": "ip-name",
            "tags": {
              "Name": "public1"
            },
            "tags_all": {
              "Name": "public1"
            },
            "timeouts": null,
            "vpc_id": "vpc-026cdcd8b5271b466"
          },
          "sensitive_attributes": [],
          "private": "eyJlMmJmYjczMC1lY2FhLTExZTYtOGY4OC0zNDM2M2JjN2M0YzAiOnsiY3JlYXRlIjo2MDAwMDAwMDAwMDAsImRlbGV0ZSI6MTIwMDAwMDAwMDAwMH0sInNjaGVtYV92ZXJzaW9uIjoiMSJ9",
          "dependencies": [
            "aws_vpc.main"
          ]
        }
      ]
    },
    {
      "mode": "managed",
      "type": "aws_subnet",
      "name": "public2",
      "provider": "provider[\"registry.terraform.io/hashicorp/aws\"]",
      "instances": [
        {
          "schema_version": 1,
          "attributes": {
            "arn": "arn:aws:ec2:eu-north-1:337909743989:subnet/subnet-0652db579fa24ca7e",
            "assign_ipv6_address_on_creation": false,
            "availability_zone": "eu-north-1b",
            "availability_zone_id": "eun1-az2",
            "cidr_block": "10.0.0.0/24",
            "customer_owned_ipv4_pool": "",
            "enable_dns64": false,
            "enable_lni_at_device_index": 0,
            "enable_resource_name_dns_a_record_on_launch": false,
            "enable_resource_name_dns_aaaa_record_on_launch": false,
            "id": "subnet-0652db579fa24ca7e",
            "ipv6_cidr_block": "",
            "ipv6_cidr_block_association_id": "",
            "ipv6_native": false,
            "map_customer_owned_ip_on_launch": false,
            "map_public_ip_on_launch": false,
            "outpost_arn": "",
            "owner_id": "337909743989",
            "private_dns_hostname_type_on_launch": "ip-name",
            "tags": {
              "Name": "public2"
            },
            "tags_all": {
              "Name": "public2"
            },
            "timeouts": null,
            "vpc_id": "vpc-026cdcd8b5271b466"
          },
          "sensitive_attributes": [],
          "private": "eyJlMmJmYjczMC1lY2FhLTExZTYtOGY4OC0zNDM2M2JjN2M0YzAiOnsiY3JlYXRlIjo2MDAwMDAwMDAwMDAsImRlbGV0ZSI6MTIwMDAwMDAwMDAwMH0sInNjaGVtYV92ZXJzaW9uIjoiMSJ9",
          "dependencies": [
            "aws_vpc.main"
          ]
        }
      ]
    },
    {
      "mode": "managed",
      "type": "aws_vpc",
      "name": "main",
      "provider": "provider[\"registry.terraform.io/hashicorp/aws\"]",
      "instances": [
        {
          "schema_version": 1,
          "attributes": {
            "arn": "arn:aws:ec2:eu-north-1:337909743989:vpc/vpc-026cdcd8b5271b466",
            "assign_generated_ipv6_cidr_block": false,
            "cidr_block": "10.0.0.0/16",
            "default_network_acl_id": "acl-07c144e137823f804",
            "default_route_table_id": "rtb-0ac91060bbf6f1f0d",
            "default_security_group_id": "sg-0c2dd68d0eac427a1",
            "dhcp_options_id": "dopt-0006b254acd59f821",
            "enable_dns_hostnames": true,
            "enable_dns_support": true,
            "enable_network_address_usage_metrics": false,
            "id": "vpc-026cdcd8b5271b466",
            "instance_tenancy": "default",
            "ipv4_ipam_pool_id": null,
            "ipv4_netmask_length": null,
            "ipv6_association_id": "",
            "ipv6_cidr_block": "",
            "ipv6_cidr_block_network_border_group": "",
            "ipv6_ipam_pool_id": "",
            "ipv6_netmask_length": 0,
            "main_route_table_id": "rtb-0ac91060bbf6f1f0d",
            "owner_id": "337909743989",
            "tags": {
              "Name": "iti3m_vpc"
            },
            "tags_all": {
              "Name": "iti3m_vpc"
            }
          },
          "sensitive_attributes": [],
          "private": "eyJzY2hlbWFfdmVyc2lvbiI6IjEifQ=="
        }
      ]
    },
    {
      "mode": "managed",
      "type": "aws_vpc_security_group_egress_rule",
      "name": "allow_all",
      "provider": "provider[\"registry.terraform.io/hashicorp/aws\"]",
      "instances": [
        {
          "schema_version": 0,
          "attributes": {
            "arn": "arn:aws:ec2:eu-north-1:337909743989:security-group-rule/sgr-0a5831bdf83fcdbbe",
            "cidr_ipv4": "0.0.0.0/0",
            "cidr_ipv6": null,
            "description": null,
            "from_port": -1,
            "id": "sgr-0a5831bdf83fcdbbe",
            "ip_protocol": "-1",
            "prefix_list_id": null,
            "referenced_security_group_id": null,
            "security_group_id": "sg-0754629732a26c925",
            "security_group_rule_id": "sgr-0a5831bdf83fcdbbe",
            "tags": null,
            "tags_all": {},
            "to_port": -1
          },
          "sensitive_attributes": [],
          "dependencies": [
            "aws_security_group.allow_tls",
            "aws_vpc.main"
          ]
        }
      ]
    },
    {
      "mode": "managed",
      "type": "aws_vpc_security_group_ingress_rule",
      "name": "allow_ssh_ipv4",
      "provider": "provider[\"registry.terraform.io/hashicorp/aws\"]",
      "instances": [
        {
          "schema_version": 0,
          "attributes": {
            "arn": "arn:aws:ec2:eu-north-1:337909743989:security-group-rule/sgr-03ced82d80c92c571",
            "cidr_ipv4": "0.0.0.0/0",
            "cidr_ipv6": null,
            "description": null,
            "from_port": 22,
            "id": "sgr-03ced82d80c92c571",
            "ip_protocol": "tcp",
            "prefix_list_id": null,
            "referenced_security_group_id": null,
            "security_group_id": "sg-0754629732a26c925",
            "security_group_rule_id": "sgr-03ced82d80c92c571",
            "tags": null,
            "tags_all": {},
            "to_port": 22
          },
          "sensitive_attributes": [],
          "dependencies": [
            "aws_security_group.allow_tls",
            "aws_vpc.main"
          ]
        }
      ]
    },
    {
      "mode": "managed",
      "type": "aws_vpc_security_group_ingress_rule",
      "name": "allow_ssh_ipv6",
      "provider": "provider[\"registry.terraform.io/hashicorp/aws\"]",
      "instances": [
        {
          "schema_version": 0,
          "attributes": {
            "arn": "arn:aws:ec2:eu-north-1:337909743989:security-group-rule/sgr-0990c60a5cbb7da3b",
            "cidr_ipv4": null,
            "cidr_ipv6": "::/0",
            "description": null,
            "from_port": 22,
            "id": "sgr-0990c60a5cbb7da3b",
            "ip_protocol": "tcp",
            "prefix_list_id": null,
            "referenced_security_group_id": null,
            "security_group_id": "sg-0754629732a26c925",
            "security_group_rule_id": "sgr-0990c60a5cbb7da3b",
            "tags": null,
            "tags_all": {},
            "to_port": 22
          },
          "sensitive_attributes": [],
          "dependencies": [
            "aws_security_group.allow_tls",
            "aws_vpc.main"
          ]
        }
      ]
    },
    {
      "mode": "managed",
      "type": "aws_vpc_security_group_ingress_rule",
      "name": "allow_tls_ipv4",
      "provider": "provider[\"registry.terraform.io/hashicorp/aws\"]",
      "instances": [
        {
          "schema_version": 0,
          "attributes": {
            "arn": "arn:aws:ec2:eu-north-1:337909743989:security-group-rule/sgr-021d051df8baa0103",
            "cidr_ipv4": "0.0.0.0/0",
            "cidr_ipv6": null,
            "description": null,
            "from_port": 443,
            "id": "sgr-021d051df8baa0103",
            "ip_protocol": "tcp",
            "prefix_list_id": null,
            "referenced_security_group_id": null,
            "security_group_id": "sg-0754629732a26c925",
            "security_group_rule_id": "sgr-021d051df8baa0103",
            "tags": null,
            "tags_all": {},
            "to_port": 443
          },
          "sensitive_attributes": [],
          "dependencies": [
            "aws_security_group.allow_tls",
            "aws_vpc.main"
          ]
        }
      ]
    },
    {
      "mode": "managed",
      "type": "aws_vpc_security_group_ingress_rule",
      "name": "allow_tls_ipv6",
      "provider": "provider[\"registry.terraform.io/hashicorp/aws\"]",
      "instances": [
        {
          "schema_version": 0,
          "attributes": {
            "arn": "arn:aws:ec2:eu-north-1:337909743989:security-group-rule/sgr-03a110ca25ffbe6f0",
            "cidr_ipv4": null,
            "cidr_ipv6": "::/0",
            "description": null,
            "from_port": 443,
            "id": "sgr-03a110ca25ffbe6f0",
            "ip_protocol": "tcp",
            "prefix_list_id": null,
            "referenced_security_group_id": null,
            "security_group_id": "sg-0754629732a26c925",
            "security_group_rule_id": "sgr-03a110ca25ffbe6f0",
            "tags": null,
            "tags_all": {},
            "to_port": 443
          },
          "sensitive_attributes": [],
          "dependencies": [
            "aws_security_group.allow_tls",
            "aws_vpc.main"
          ]
        }
      ]
    },
    {
      "mode": "managed",
      "type": "local_file",
      "name": "deployer-key",
      "provider": "provider[\"registry.terraform.io/hashicorp/local\"]",
      "instances": [
        {
          "schema_version": 0,
          "attributes": {
            "content": "-----BEGIN RSA PRIVATE KEY-----\nMIIJKAIBAAKCAgEArLcNUGgF09gN/TSX4LnxHsP4AkGNAfOi9P8e4jwxLx30l1oV\n3fbxzzDZwZBHvoxR8rAU2G4Rdzw7f6C5uo5cEfdS66YmcfOBkECeSoaUdRhUjmBq\n7RB4h4U7YCk54nGOFuqloU8ubZ/0jzR1qUG4iELOHQ0U2SVogZTyNsTkXUDBiWhN\nPwgxtKKmBfJFOzvXREVlECOlUF0RdBNu+WSvJD0b9aZzi0vuJtqIazxlj+B+HwQc\nFXTnEvs/IMu4UIRnVFmsAIbojpZAvL81+1PlGSDZ1lxl5Y+eDB/cuv1C1budJ/vg\nXM/9hyYuL1WR0WcarnRD9sEW1ACkGilY9/USqWbT6TVa8HLcm1wO6VqqYCl9EIox\ncFvn9ZQwp4u6M3BYrW1OQWM472ldPWtvDTwsk38hIszWf+NmPsT9/zorzIdyNqHb\nZVtTkXbLaYhdSvGts58SQkUWGb7UtAFVYsZBg5o2lpN/romvVWGTSSIfe5pUzNHj\n1zUAA6hAFD1RpPRojgLuXKxl6Vee/F9/PLcYyO7A68/XikezV+jJ2Q8ENr5gHE5l\nujPNjVVxeQPm27QObSyVEBZTaMAvag8BOgtSlhOMS0fgbjps/AeN7p6veI639C0l\nf+4eAQ9JJAiyV6oo9eYd2e/rCXyng4oaO873m3lkbfWYSJ+dVZu0Fkq/PdUCAwEA\nAQKCAgBRPQDMM0GadWOPF+/gSlW57N944DBdHKYnquBx9XIFAYgMsNjcQM1YcVfb\njevRGtto1Z3Yd11Lwk8SJx11PITeBoFASjSHIMxud5Z843Rs53bOSVfCDh9DT02w\nW3PYqST2boRdrYrfEX/M5BX7+Oe9X/7m90I5KTlQyihrzozDuDPQV/kNjuMiXebN\noTkjNXB5slJpFvspI72T5ZgrQkqHNx8xmot6l8p7CAtmtU/oLuXj3OEAzq3p5be5\ny1j0tnKL4GnhDZPRjacBoMbZYoq+GQ+dnnRnV/g1J7+BTKLlOYwgRH8x6LsNmM3c\ngdlGr8KDEDjvlb8RFQQbMhug9etCcIz3N/ovlZIiSs386u+zLrjdQwrg7JVXwCaU\np7K0MArOnkgBhrmvmNsIoMhI3emGWDgEkfG2XpBF6ffnv3Up+MUsUeHFjppLkY1h\nmIrH/MLQ9xXsT05aOXY5MPTZeIVIMU3/+mX99pPS/u2xNj99LNQFWInzSCwW2zpy\nMwo7zywKMyWgBoYUoY4+92Mb9IvsB3EB1+BHA9gHbAjec3VAz5e+LtvaWTmc1EKf\n6HW9o9dywH5GJifeotFCUA8kud27QNhCo/PGvLE5/4R+cXE5+Hdm5qLA0AzdZUxV\nJDAl2L5In42ZjAbBdcUzpoYsGaqkCIw5Rmsbg23piWosPyih+QKCAQEA5QPF1g2V\nOG8waz4dxFGGqUjTug3HjSGBiAO1FRUQ+WW2KmDPXgJWtxTcqHa8gyOdtr2PW88h\nrdZ9fKED6O3ffb6JSa8iInuAtKmkguk3UhzM0PcOAOWM2A2HL4E25QmS5xpLsx6A\nQYbmyk6j7lSeRM2EcKbpAve/NUi+Z/iuXuVcTYBPZHQVoC6TwXHLKBQHX6/jsv0t\nWlhBS/BTLVbrqoGNg8fMNuq+clJPbVPxVQeItL3VDpzimTtIUsYT4lLeNkKGH7UT\nvWg2p9VPrVtvjfmEWB/lDCY6hOqrJzjtJxl+6Q5WR/Cf88ielqkoaEut+NAFFCjr\nw50uWmMFz5oAxwKCAQEAwRD/50m0uLGu7nzrmjqA2mi5JsXEWboTmerEzVFoZoOg\nu/iohrTTLGf05uexOLU2rXqSxweZEgufpY9PdzQMUFk66e+Tn/TD13eQYwtEaKYY\n7tX/fPz3M/D99HE+Fr6FGXBswZpMH8hIst3/kwZQc26VSwmCZlLieeXmdI+q2a2z\n5kvLLLAT3WrbV1zKvLZBaAaj4m/W/QKACCCKYUW/kZB6o6rsu7HPYvOtgd1sm87h\nepsh8klpHQFo7btAIPkILrYVgt6czj0arGLItztCRkafSORCDJcUmmY5oMUniR8q\neHddCuJmPdt6RXXN5Go0/uRJGgDYOq2/Dbr8LGBogwKCAQAz03G+6h39wnPToR/9\nYHG394oqjZm+H3n/vM8K8VSBC/p4hqYG4UKcdfUljpFEoBe91hIONcaqX2LQhGOt\nH7+25hqNeTuhUA+lUsqu8XYad/gFxhL+MvR3pEAWiQhSNqNu9y1wYJOnwI6T8833\nTmDusw+oqq0KheRYe5jTUJytTvxfcY0F75tBP6kiWs0dycKNbfF6fP75dgV42O8J\n0KTOVjkfPGTDfMYSevwMgrWXh3fxZxBDGU/SW28XhEnVquksoEtX+5N3BpFv078P\nPST2nSPNCZK8+B3AHJcU7jYE5ikpNpxh9VtNQPZao/dH+vBo4TJ1CHmqL/TgcY5M\nF87bAoIBAQCb9ayTXPIVZMuoMdds7ieax5AR5x53UR52brTuGv4YGeqlDfitYLNa\nItwuDyoVYiW6O9MH3nZjomojpsINzEjKO1qhEXyScXomu5oyuC5ZzxtDDDHn+L2F\nAv9TEIuUefExHKVuO8OUxQkdHMJRNX+Vz9XgGN1y5S+4QuRIcqoUUAKMXdvRzKcv\nbRuk1fucOCpb60lGKQxltDhS2F6Qt3RKFYlMX03/TWL3T1txFbqfnp58mYbxnyW/\nXZ0ytdnXCPT4LvTvk/7dh3Tdnqr/gWpHNNOFYYaNfxoQo9WXrswCM9/uEpZhrYPk\nIkECjWh2ROlsomL/E4GY3TQB1nPRMUwbAoIBACNaYCXQdIG0hYBJUg/Z4yrpUCeL\n4YVSl2OjLQDi1gOMn9RldE3w7+MLc9VnK8lQGv1Xa707KG2pt//pZmRV3wst2SH4\nPf41qVp3mgbdXoq0By0gxcgYGc5VCn2RYXRSYQADlWCgIcYqJP6flWLTt/LNp3se\n9vyLnhg29dg+9A4Xt0xjFGxz8vAIHGzD3j78naoTlL8DXtJ/6PLqR6VxM0p5LHMl\nhRvI+m8fAqgv+/l30UksfuvK81zhoJ+QgFanpI7HUKeDRUqjs8+YU8JKMHvmlDjU\nIjVazj5YZf0OokxAESX3hxVoGh/FuMWHnD4H8tT2XBYWUG2zW/VGXoQHT54=\n-----END RSA PRIVATE KEY-----\n",
            "content_base64": null,
            "content_base64sha256": "+cfQDa8w4UADZdM1Ve7MBc7xmf0rFbhYuzCiVciJrb4=",
            "content_base64sha512": "mdyhTVKVF7Sfl9KkaEPNiWVGYiVTTF0AmsGgnJub0SUTV8tLiE0Fxg5bhht8Ou/LWgqkNy8rrJX9HGGx6I7Odw==",
            "content_md5": "a3655db6670365ae5b30f543502307e6",
            "content_sha1": "2fe7870270eabc2a0d93c0b975f46f194583540e",
            "content_sha256": "f9c7d00daf30e1400365d33555eecc05cef199fd2b15b858bb30a255c889adbe",
            "content_sha512": "99dca14d529517b49f97d2a46843cd8965466225534c5d009ac1a09c9b9bd1251357cb4b884d05c60e5b861b7c3aefcb5a0aa4372f2bac95fd1c61b1e88ece77",
            "directory_permission": "0777",
            "file_permission": "0777",
            "filename": "tfkey",
            "id": "2fe7870270eabc2a0d93c0b975f46f194583540e",
            "sensitive_content": null,
            "source": null
          },
          "sensitive_attributes": [
            [
              {
                "type": "get_attr",
                "value": "sensitive_content"
              }
            ],
            [
              {
                "type": "get_attr",
                "value": "content"
              }
            ]
          ],
          "dependencies": [
            "tls_private_key.rsa"
          ]
        }
      ]
    },
    {
      "mode": "managed",
      "type": "tls_private_key",
      "name": "rsa",
      "provider": "provider[\"registry.terraform.io/hashicorp/tls\"]",
      "instances": [
        {
          "schema_version": 1,
          "attributes": {
            "algorithm": "RSA",
            "ecdsa_curve": "P224",
            "id": "78909faa0d6290729c551ff004ce2e8cc5a701fe",
            "private_key_openssh": "-----BEGIN OPENSSH PRIVATE KEY-----\nb3BlbnNzaC1rZXktdjEAAAAABG5vbmUAAAAEbm9uZQAAAAAAAAABAAACFwAAAAdz\nc2gtcnNhAAAAAwEAAQAAAgEArLcNUGgF09gN/TSX4LnxHsP4AkGNAfOi9P8e4jwx\nLx30l1oV3fbxzzDZwZBHvoxR8rAU2G4Rdzw7f6C5uo5cEfdS66YmcfOBkECeSoaU\ndRhUjmBq7RB4h4U7YCk54nGOFuqloU8ubZ/0jzR1qUG4iELOHQ0U2SVogZTyNsTk\nXUDBiWhNPwgxtKKmBfJFOzvXREVlECOlUF0RdBNu+WSvJD0b9aZzi0vuJtqIazxl\nj+B+HwQcFXTnEvs/IMu4UIRnVFmsAIbojpZAvL81+1PlGSDZ1lxl5Y+eDB/cuv1C\n1budJ/vgXM/9hyYuL1WR0WcarnRD9sEW1ACkGilY9/USqWbT6TVa8HLcm1wO6Vqq\nYCl9EIoxcFvn9ZQwp4u6M3BYrW1OQWM472ldPWtvDTwsk38hIszWf+NmPsT9/zor\nzIdyNqHbZVtTkXbLaYhdSvGts58SQkUWGb7UtAFVYsZBg5o2lpN/romvVWGTSSIf\ne5pUzNHj1zUAA6hAFD1RpPRojgLuXKxl6Vee/F9/PLcYyO7A68/XikezV+jJ2Q8E\nNr5gHE5lujPNjVVxeQPm27QObSyVEBZTaMAvag8BOgtSlhOMS0fgbjps/AeN7p6v\neI639C0lf+4eAQ9JJAiyV6oo9eYd2e/rCXyng4oaO873m3lkbfWYSJ+dVZu0Fkq/\nPdUAAAc4Mye9izMnvYsAAAAHc3NoLXJzYQAAAgEArLcNUGgF09gN/TSX4LnxHsP4\nAkGNAfOi9P8e4jwxLx30l1oV3fbxzzDZwZBHvoxR8rAU2G4Rdzw7f6C5uo5cEfdS\n66YmcfOBkECeSoaUdRhUjmBq7RB4h4U7YCk54nGOFuqloU8ubZ/0jzR1qUG4iELO\nHQ0U2SVogZTyNsTkXUDBiWhNPwgxtKKmBfJFOzvXREVlECOlUF0RdBNu+WSvJD0b\n9aZzi0vuJtqIazxlj+B+HwQcFXTnEvs/IMu4UIRnVFmsAIbojpZAvL81+1PlGSDZ\n1lxl5Y+eDB/cuv1C1budJ/vgXM/9hyYuL1WR0WcarnRD9sEW1ACkGilY9/USqWbT\n6TVa8HLcm1wO6VqqYCl9EIoxcFvn9ZQwp4u6M3BYrW1OQWM472ldPWtvDTwsk38h\nIszWf+NmPsT9/zorzIdyNqHbZVtTkXbLaYhdSvGts58SQkUWGb7UtAFVYsZBg5o2\nlpN/romvVWGTSSIfe5pUzNHj1zUAA6hAFD1RpPRojgLuXKxl6Vee/F9/PLcYyO7A\n68/XikezV+jJ2Q8ENr5gHE5lujPNjVVxeQPm27QObSyVEBZTaMAvag8BOgtSlhOM\nS0fgbjps/AeN7p6veI639C0lf+4eAQ9JJAiyV6oo9eYd2e/rCXyng4oaO873m3lk\nbfWYSJ+dVZu0Fkq/PdUAAAADAQABAAACAFE9AMwzQZp1Y48X7+BKVbns33jgMF0c\npieq4HH1cgUBiAyw2NxAzVhxV9uN69Ea22jVndh3XUvCTxInHXU8hN4GgUBKNIcg\nzG53lnzjdGznds5JV8IOH0NPTbBbc9ipJPZuhF2tit8Rf8zkFfv4571f/ub3Qjkp\nOVDKKGvOjMO4M9BX+Q2O4yJd5s2hOSM1cHmyUmkW+ykjvZPlmCtCSoc3HzGai3qX\nynsIC2a1T+gu5ePc4QDOrenlt7nLWPS2covgaeENk9GNpwGgxtliir4ZD52edGdX\n+DUnv4FMouU5jCBEfzHouw2YzdyB2UavwoMQOO+VvxEVBBsyG6D160JwjPc3+i+V\nkiJKzfzq77MuuN1DCuDslVfAJpSnsrQwCs6eSAGGua+Y2wigyEjd6YZYOASR8bZe\nkEXp9+e/dSn4xSxR4cWOmkuRjWGYisf8wtD3FexPTlo5djkw9Nl4hUgxTf/6Zf32\nk9L+7bE2P30s1AVYifNILBbbOnIzCjvPLAozJaAGhhShjj73Yxv0i+wHcQHX4EcD\n2AdsCN5zdUDPl74u29pZOZzUQp/odb2j13LAfkYmJ96i0UJQDyS53btA2EKj88a8\nsTn/hH5xcTn4d2bmosDQDN1lTFUkMCXYvkifjZmMBsF1xTOmhiwZqqQIjDlGaxuD\nbemJaiw/KKH5AAABACNaYCXQdIG0hYBJUg/Z4yrpUCeL4YVSl2OjLQDi1gOMn9Rl\ndE3w7+MLc9VnK8lQGv1Xa707KG2pt//pZmRV3wst2SH4Pf41qVp3mgbdXoq0By0g\nxcgYGc5VCn2RYXRSYQADlWCgIcYqJP6flWLTt/LNp3se9vyLnhg29dg+9A4Xt0xj\nFGxz8vAIHGzD3j78naoTlL8DXtJ/6PLqR6VxM0p5LHMlhRvI+m8fAqgv+/l30Uks\nfuvK81zhoJ+QgFanpI7HUKeDRUqjs8+YU8JKMHvmlDjUIjVazj5YZf0OokxAESX3\nhxVoGh/FuMWHnD4H8tT2XBYWUG2zW/VGXoQHT54AAAEBAOUDxdYNlThvMGs+HcRR\nhqlI07oNx40hgYgDtRUVEPlltipgz14CVrcU3Kh2vIMjnba9j1vPIa3WfXyhA+jt\n332+iUmvIiJ7gLSppILpN1IczND3DgDljNgNhy+BNuUJkucaS7MegEGG5spOo+5U\nnkTNhHCm6QL3vzVIvmf4rl7lXE2AT2R0FaAuk8FxyygUB1+v47L9LVpYQUvwUy1W\n66qBjYPHzDbqvnJST21T8VUHiLS91Q6c4pk7SFLGE+JS3jZChh+1E71oNqfVT61b\nb435hFgf5QwmOoTqqyc47ScZfukOVkfwn/PInpapKGhLrfjQBRQo68OdLlpjBc+a\nAMcAAAEBAMEQ/+dJtLixru5865o6gNpouSbFxFm6E5nqxM1RaGaDoLv4qIa00yxn\n9ObnsTi1Nq16kscHmRILn6WPT3c0DFBZOunvk5/0w9d3kGMLRGimGO7V/3z89zPw\n/fRxPha+hRlwbMGaTB/ISLLd/5MGUHNulUsJgmZS4nnl5nSPqtmts+ZLyyywE91q\n21dcyry2QWgGo+Jv1v0CgAggimFFv5GQeqOq7Luxz2LzrYHdbJvO4XqbIfJJaR0B\naO27QCD5CC62FYLenM49GqxiyLc7QkZGn0jkQgyXFJpmOaDFJ4kfKnh3XQriZj3b\nekV1zeRqNP7kSRoA2Dqtvw26/CxgaIMAAAAAAQID\n-----END OPENSSH PRIVATE KEY-----\n",
            "private_key_pem": "-----BEGIN RSA PRIVATE KEY-----\nMIIJKAIBAAKCAgEArLcNUGgF09gN/TSX4LnxHsP4AkGNAfOi9P8e4jwxLx30l1oV\n3fbxzzDZwZBHvoxR8rAU2G4Rdzw7f6C5uo5cEfdS66YmcfOBkECeSoaUdRhUjmBq\n7RB4h4U7YCk54nGOFuqloU8ubZ/0jzR1qUG4iELOHQ0U2SVogZTyNsTkXUDBiWhN\nPwgxtKKmBfJFOzvXREVlECOlUF0RdBNu+WSvJD0b9aZzi0vuJtqIazxlj+B+HwQc\nFXTnEvs/IMu4UIRnVFmsAIbojpZAvL81+1PlGSDZ1lxl5Y+eDB/cuv1C1budJ/vg\nXM/9hyYuL1WR0WcarnRD9sEW1ACkGilY9/USqWbT6TVa8HLcm1wO6VqqYCl9EIox\ncFvn9ZQwp4u6M3BYrW1OQWM472ldPWtvDTwsk38hIszWf+NmPsT9/zorzIdyNqHb\nZVtTkXbLaYhdSvGts58SQkUWGb7UtAFVYsZBg5o2lpN/romvVWGTSSIfe5pUzNHj\n1zUAA6hAFD1RpPRojgLuXKxl6Vee/F9/PLcYyO7A68/XikezV+jJ2Q8ENr5gHE5l\nujPNjVVxeQPm27QObSyVEBZTaMAvag8BOgtSlhOMS0fgbjps/AeN7p6veI639C0l\nf+4eAQ9JJAiyV6oo9eYd2e/rCXyng4oaO873m3lkbfWYSJ+dVZu0Fkq/PdUCAwEA\nAQKCAgBRPQDMM0GadWOPF+/gSlW57N944DBdHKYnquBx9XIFAYgMsNjcQM1YcVfb\njevRGtto1Z3Yd11Lwk8SJx11PITeBoFASjSHIMxud5Z843Rs53bOSVfCDh9DT02w\nW3PYqST2boRdrYrfEX/M5BX7+Oe9X/7m90I5KTlQyihrzozDuDPQV/kNjuMiXebN\noTkjNXB5slJpFvspI72T5ZgrQkqHNx8xmot6l8p7CAtmtU/oLuXj3OEAzq3p5be5\ny1j0tnKL4GnhDZPRjacBoMbZYoq+GQ+dnnRnV/g1J7+BTKLlOYwgRH8x6LsNmM3c\ngdlGr8KDEDjvlb8RFQQbMhug9etCcIz3N/ovlZIiSs386u+zLrjdQwrg7JVXwCaU\np7K0MArOnkgBhrmvmNsIoMhI3emGWDgEkfG2XpBF6ffnv3Up+MUsUeHFjppLkY1h\nmIrH/MLQ9xXsT05aOXY5MPTZeIVIMU3/+mX99pPS/u2xNj99LNQFWInzSCwW2zpy\nMwo7zywKMyWgBoYUoY4+92Mb9IvsB3EB1+BHA9gHbAjec3VAz5e+LtvaWTmc1EKf\n6HW9o9dywH5GJifeotFCUA8kud27QNhCo/PGvLE5/4R+cXE5+Hdm5qLA0AzdZUxV\nJDAl2L5In42ZjAbBdcUzpoYsGaqkCIw5Rmsbg23piWosPyih+QKCAQEA5QPF1g2V\nOG8waz4dxFGGqUjTug3HjSGBiAO1FRUQ+WW2KmDPXgJWtxTcqHa8gyOdtr2PW88h\nrdZ9fKED6O3ffb6JSa8iInuAtKmkguk3UhzM0PcOAOWM2A2HL4E25QmS5xpLsx6A\nQYbmyk6j7lSeRM2EcKbpAve/NUi+Z/iuXuVcTYBPZHQVoC6TwXHLKBQHX6/jsv0t\nWlhBS/BTLVbrqoGNg8fMNuq+clJPbVPxVQeItL3VDpzimTtIUsYT4lLeNkKGH7UT\nvWg2p9VPrVtvjfmEWB/lDCY6hOqrJzjtJxl+6Q5WR/Cf88ielqkoaEut+NAFFCjr\nw50uWmMFz5oAxwKCAQEAwRD/50m0uLGu7nzrmjqA2mi5JsXEWboTmerEzVFoZoOg\nu/iohrTTLGf05uexOLU2rXqSxweZEgufpY9PdzQMUFk66e+Tn/TD13eQYwtEaKYY\n7tX/fPz3M/D99HE+Fr6FGXBswZpMH8hIst3/kwZQc26VSwmCZlLieeXmdI+q2a2z\n5kvLLLAT3WrbV1zKvLZBaAaj4m/W/QKACCCKYUW/kZB6o6rsu7HPYvOtgd1sm87h\nepsh8klpHQFo7btAIPkILrYVgt6czj0arGLItztCRkafSORCDJcUmmY5oMUniR8q\neHddCuJmPdt6RXXN5Go0/uRJGgDYOq2/Dbr8LGBogwKCAQAz03G+6h39wnPToR/9\nYHG394oqjZm+H3n/vM8K8VSBC/p4hqYG4UKcdfUljpFEoBe91hIONcaqX2LQhGOt\nH7+25hqNeTuhUA+lUsqu8XYad/gFxhL+MvR3pEAWiQhSNqNu9y1wYJOnwI6T8833\nTmDusw+oqq0KheRYe5jTUJytTvxfcY0F75tBP6kiWs0dycKNbfF6fP75dgV42O8J\n0KTOVjkfPGTDfMYSevwMgrWXh3fxZxBDGU/SW28XhEnVquksoEtX+5N3BpFv078P\nPST2nSPNCZK8+B3AHJcU7jYE5ikpNpxh9VtNQPZao/dH+vBo4TJ1CHmqL/TgcY5M\nF87bAoIBAQCb9ayTXPIVZMuoMdds7ieax5AR5x53UR52brTuGv4YGeqlDfitYLNa\nItwuDyoVYiW6O9MH3nZjomojpsINzEjKO1qhEXyScXomu5oyuC5ZzxtDDDHn+L2F\nAv9TEIuUefExHKVuO8OUxQkdHMJRNX+Vz9XgGN1y5S+4QuRIcqoUUAKMXdvRzKcv\nbRuk1fucOCpb60lGKQxltDhS2F6Qt3RKFYlMX03/TWL3T1txFbqfnp58mYbxnyW/\nXZ0ytdnXCPT4LvTvk/7dh3Tdnqr/gWpHNNOFYYaNfxoQo9WXrswCM9/uEpZhrYPk\nIkECjWh2ROlsomL/E4GY3TQB1nPRMUwbAoIBACNaYCXQdIG0hYBJUg/Z4yrpUCeL\n4YVSl2OjLQDi1gOMn9RldE3w7+MLc9VnK8lQGv1Xa707KG2pt//pZmRV3wst2SH4\nPf41qVp3mgbdXoq0By0gxcgYGc5VCn2RYXRSYQADlWCgIcYqJP6flWLTt/LNp3se\n9vyLnhg29dg+9A4Xt0xjFGxz8vAIHGzD3j78naoTlL8DXtJ/6PLqR6VxM0p5LHMl\nhRvI+m8fAqgv+/l30UksfuvK81zhoJ+QgFanpI7HUKeDRUqjs8+YU8JKMHvmlDjU\nIjVazj5YZf0OokxAESX3hxVoGh/FuMWHnD4H8tT2XBYWUG2zW/VGXoQHT54=\n-----END RSA PRIVATE KEY-----\n",
            "private_key_pem_pkcs8": "-----BEGIN PRIVATE KEY-----\nMIIJQgIBADANBgkqhkiG9w0BAQEFAASCCSwwggkoAgEAAoICAQCstw1QaAXT2A39\nNJfgufEew/gCQY0B86L0/x7iPDEvHfSXWhXd9vHPMNnBkEe+jFHysBTYbhF3PDt/\noLm6jlwR91LrpiZx84GQQJ5KhpR1GFSOYGrtEHiHhTtgKTnicY4W6qWhTy5tn/SP\nNHWpQbiIQs4dDRTZJWiBlPI2xORdQMGJaE0/CDG0oqYF8kU7O9dERWUQI6VQXRF0\nE275ZK8kPRv1pnOLS+4m2ohrPGWP4H4fBBwVdOcS+z8gy7hQhGdUWawAhuiOlkC8\nvzX7U+UZINnWXGXlj54MH9y6/ULVu50n++Bcz/2HJi4vVZHRZxqudEP2wRbUAKQa\nKVj39RKpZtPpNVrwctybXA7pWqpgKX0QijFwW+f1lDCni7ozcFitbU5BYzjvaV09\na28NPCyTfyEizNZ/42Y+xP3/OivMh3I2odtlW1ORdstpiF1K8a2znxJCRRYZvtS0\nAVVixkGDmjaWk3+uia9VYZNJIh97mlTM0ePXNQADqEAUPVGk9GiOAu5crGXpV578\nX388txjI7sDrz9eKR7NX6MnZDwQ2vmAcTmW6M82NVXF5A+bbtA5tLJUQFlNowC9q\nDwE6C1KWE4xLR+BuOmz8B43unq94jrf0LSV/7h4BD0kkCLJXqij15h3Z7+sJfKeD\niho7zvebeWRt9ZhIn51Vm7QWSr891QIDAQABAoICAFE9AMwzQZp1Y48X7+BKVbns\n33jgMF0cpieq4HH1cgUBiAyw2NxAzVhxV9uN69Ea22jVndh3XUvCTxInHXU8hN4G\ngUBKNIcgzG53lnzjdGznds5JV8IOH0NPTbBbc9ipJPZuhF2tit8Rf8zkFfv4571f\n/ub3QjkpOVDKKGvOjMO4M9BX+Q2O4yJd5s2hOSM1cHmyUmkW+ykjvZPlmCtCSoc3\nHzGai3qXynsIC2a1T+gu5ePc4QDOrenlt7nLWPS2covgaeENk9GNpwGgxtliir4Z\nD52edGdX+DUnv4FMouU5jCBEfzHouw2YzdyB2UavwoMQOO+VvxEVBBsyG6D160Jw\njPc3+i+VkiJKzfzq77MuuN1DCuDslVfAJpSnsrQwCs6eSAGGua+Y2wigyEjd6YZY\nOASR8bZekEXp9+e/dSn4xSxR4cWOmkuRjWGYisf8wtD3FexPTlo5djkw9Nl4hUgx\nTf/6Zf32k9L+7bE2P30s1AVYifNILBbbOnIzCjvPLAozJaAGhhShjj73Yxv0i+wH\ncQHX4EcD2AdsCN5zdUDPl74u29pZOZzUQp/odb2j13LAfkYmJ96i0UJQDyS53btA\n2EKj88a8sTn/hH5xcTn4d2bmosDQDN1lTFUkMCXYvkifjZmMBsF1xTOmhiwZqqQI\njDlGaxuDbemJaiw/KKH5AoIBAQDlA8XWDZU4bzBrPh3EUYapSNO6DceNIYGIA7UV\nFRD5ZbYqYM9eAla3FNyodryDI522vY9bzyGt1n18oQPo7d99volJryIie4C0qaSC\n6TdSHMzQ9w4A5YzYDYcvgTblCZLnGkuzHoBBhubKTqPuVJ5EzYRwpukC9781SL5n\n+K5e5VxNgE9kdBWgLpPBccsoFAdfr+Oy/S1aWEFL8FMtVuuqgY2Dx8w26r5yUk9t\nU/FVB4i0vdUOnOKZO0hSxhPiUt42QoYftRO9aDan1U+tW2+N+YRYH+UMJjqE6qsn\nOO0nGX7pDlZH8J/zyJ6WqShoS6340AUUKOvDnS5aYwXPmgDHAoIBAQDBEP/nSbS4\nsa7ufOuaOoDaaLkmxcRZuhOZ6sTNUWhmg6C7+KiGtNMsZ/Tm57E4tTatepLHB5kS\nC5+lj093NAxQWTrp75Of9MPXd5BjC0Rophju1f98/Pcz8P30cT4WvoUZcGzBmkwf\nyEiy3f+TBlBzbpVLCYJmUuJ55eZ0j6rZrbPmS8sssBPdattXXMq8tkFoBqPib9b9\nAoAIIIphRb+RkHqjquy7sc9i862B3WybzuF6myHySWkdAWjtu0Ag+QguthWC3pzO\nPRqsYsi3O0JGRp9I5EIMlxSaZjmgxSeJHyp4d10K4mY923pFdc3kajT+5EkaANg6\nrb8NuvwsYGiDAoIBADPTcb7qHf3Cc9OhH/1gcbf3iiqNmb4fef+8zwrxVIEL+niG\npgbhQpx19SWOkUSgF73WEg41xqpfYtCEY60fv7bmGo15O6FQD6VSyq7xdhp3+AXG\nEv4y9HekQBaJCFI2o273LXBgk6fAjpPzzfdOYO6zD6iqrQqF5Fh7mNNQnK1O/F9x\njQXvm0E/qSJazR3Jwo1t8Xp8/vl2BXjY7wnQpM5WOR88ZMN8xhJ6/AyCtZeHd/Fn\nEEMZT9JbbxeESdWq6SygS1f7k3cGkW/Tvw89JPadI80Jkrz4HcAclxTuNgTmKSk2\nnGH1W01A9lqj90f68GjhMnUIeaov9OBxjkwXztsCggEBAJv1rJNc8hVky6gx12zu\nJ5rHkBHnHndRHnZutO4a/hgZ6qUN+K1gs1oi3C4PKhViJbo70wfedmOiaiOmwg3M\nSMo7WqERfJJxeia7mjK4LlnPG0MMMef4vYUC/1MQi5R58TEcpW47w5TFCR0cwlE1\nf5XP1eAY3XLlL7hC5EhyqhRQAoxd29HMpy9tG6TV+5w4KlvrSUYpDGW0OFLYXpC3\ndEoViUxfTf9NYvdPW3EVup+ennyZhvGfJb9dnTK12dcI9Pgu9O+T/t2HdN2eqv+B\nakc004Vhho1/GhCj1ZeuzAIz3+4SlmGtg+QiQQKNaHZE6WyiYv8TgZjdNAHWc9Ex\nTBsCggEAI1pgJdB0gbSFgElSD9njKulQJ4vhhVKXY6MtAOLWA4yf1GV0TfDv4wtz\n1WcryVAa/VdrvTsobam3/+lmZFXfCy3ZIfg9/jWpWneaBt1eirQHLSDFyBgZzlUK\nfZFhdFJhAAOVYKAhxiok/p+VYtO38s2nex72/IueGDb12D70Dhe3TGMUbHPy8Agc\nbMPePvydqhOUvwNe0n/o8upHpXEzSnkscyWFG8j6bx8CqC/7+XfRSSx+68rzXOGg\nn5CAVqekjsdQp4NFSqOzz5hTwkowe+aUONQiNVrOPlhl/Q6iTEARJfeHFWgaH8W4\nxYecPgfy1PZcFhZQbbNb9UZehAdPng==\n-----END PRIVATE KEY-----\n",
            "public_key_fingerprint_md5": "da:07:66:32:af:62:9e:59:c0:96:0e:55:fb:12:85:b0",
            "public_key_fingerprint_sha256": "SHA256:Kp0/A2Uro3+gxVcrSu4hhCjK2bCys6dYM5swPTL2sSI",
            "public_key_openssh": "ssh-rsa AAAAB3NzaC1yc2EAAAADAQABAAACAQCstw1QaAXT2A39NJfgufEew/gCQY0B86L0/x7iPDEvHfSXWhXd9vHPMNnBkEe+jFHysBTYbhF3PDt/oLm6jlwR91LrpiZx84GQQJ5KhpR1GFSOYGrtEHiHhTtgKTnicY4W6qWhTy5tn/SPNHWpQbiIQs4dDRTZJWiBlPI2xORdQMGJaE0/CDG0oqYF8kU7O9dERWUQI6VQXRF0E275ZK8kPRv1pnOLS+4m2ohrPGWP4H4fBBwVdOcS+z8gy7hQhGdUWawAhuiOlkC8vzX7U+UZINnWXGXlj54MH9y6/ULVu50n++Bcz/2HJi4vVZHRZxqudEP2wRbUAKQaKVj39RKpZtPpNVrwctybXA7pWqpgKX0QijFwW+f1lDCni7ozcFitbU5BYzjvaV09a28NPCyTfyEizNZ/42Y+xP3/OivMh3I2odtlW1ORdstpiF1K8a2znxJCRRYZvtS0AVVixkGDmjaWk3+uia9VYZNJIh97mlTM0ePXNQADqEAUPVGk9GiOAu5crGXpV578X388txjI7sDrz9eKR7NX6MnZDwQ2vmAcTmW6M82NVXF5A+bbtA5tLJUQFlNowC9qDwE6C1KWE4xLR+BuOmz8B43unq94jrf0LSV/7h4BD0kkCLJXqij15h3Z7+sJfKeDiho7zvebeWRt9ZhIn51Vm7QWSr891Q==\n",
            "public_key_pem": "-----BEGIN PUBLIC KEY-----\nMIICIjANBgkqhkiG9w0BAQEFAAOCAg8AMIICCgKCAgEArLcNUGgF09gN/TSX4Lnx\nHsP4AkGNAfOi9P8e4jwxLx30l1oV3fbxzzDZwZBHvoxR8rAU2G4Rdzw7f6C5uo5c\nEfdS66YmcfOBkECeSoaUdRhUjmBq7RB4h4U7YCk54nGOFuqloU8ubZ/0jzR1qUG4\niELOHQ0U2SVogZTyNsTkXUDBiWhNPwgxtKKmBfJFOzvXREVlECOlUF0RdBNu+WSv\nJD0b9aZzi0vuJtqIazxlj+B+HwQcFXTnEvs/IMu4UIRnVFmsAIbojpZAvL81+1Pl\nGSDZ1lxl5Y+eDB/cuv1C1budJ/vgXM/9hyYuL1WR0WcarnRD9sEW1ACkGilY9/US\nqWbT6TVa8HLcm1wO6VqqYCl9EIoxcFvn9ZQwp4u6M3BYrW1OQWM472ldPWtvDTws\nk38hIszWf+NmPsT9/zorzIdyNqHbZVtTkXbLaYhdSvGts58SQkUWGb7UtAFVYsZB\ng5o2lpN/romvVWGTSSIfe5pUzNHj1zUAA6hAFD1RpPRojgLuXKxl6Vee/F9/PLcY\nyO7A68/XikezV+jJ2Q8ENr5gHE5lujPNjVVxeQPm27QObSyVEBZTaMAvag8BOgtS\nlhOMS0fgbjps/AeN7p6veI639C0lf+4eAQ9JJAiyV6oo9eYd2e/rCXyng4oaO873\nm3lkbfWYSJ+dVZu0Fkq/PdUCAwEAAQ==\n-----END PUBLIC KEY-----\n",
            "rsa_bits": 4096
          },
          "sensitive_attributes": [
            [
              {
                "type": "get_attr",
                "value": "private_key_openssh"
              }
            ],
            [
              {
                "type": "get_attr",
                "value": "private_key_pem"
              }
            ],
            [
              {
                "type": "get_attr",
                "value": "private_key_pem_pkcs8"
              }
            ]
          ]
        }
      ]
    }
  ],
  "check_results": null
}
